
Microsoft Visual Studio Solution File, Format Version 12.00
# Visual Studio Version 17
VisualStudioVersion = 17.5.33502.453
MinimumVisualStudioVersion = 10.0.40219.1
Project("{FAE04EC0-301F-11D3-BF4B-00C04F79EFBC}") = "Exercitiul2", "Exercitiul2\Exercitiul2.csproj", "{09BFC7B5-1C0B-40AE-A691-BDA3A070504A}"
EndProject
Global
	GlobalSection(SolutionConfigurationPlatforms) = preSolution
		Debug|Any CPU = Debug|Any CPU
		Release|Any CPU = Release|Any CPU
	EndGlobalSection
	GlobalSection(ProjectConfigurationPlatforms) = postSolution
		{09BFC7B5-1C0B-40AE-A691-BDA3A070504A}.Debug|Any CPU.ActiveCfg = Debug|Any CPU
		{09BFC7B5-1C0B-40AE-A691-BDA3A070504A}.Debug|Any CPU.Build.0 = Debug|Any CPU
		{09BFC7B5-1C0B-40AE-A691-BDA3A070504A}.Release|Any CPU.ActiveCfg = Release|Any CPU
		{09BFC7B5-1C0B-40AE-A691-BDA3A070504A}.Release|Any CPU.Build.0 = Release|Any CPU
	EndGlobalSection
	GlobalSection(SolutionProperties) = preSolution
		HideSolutionNode = FALSE
	EndGlobalSection
	GlobalSection(ExtensibilityGlobals) = postSolution
		SolutionGuid = {DED14EEF-1573-4BFC-88F9-EFEC3BD5A8A5}
	EndGlobalSection
EndGlobal
